// !$*UTF8*$!
{
	archiveVersion = 1;
	classes = {
	};
	objectVersion = 46;
	objects = {

/* Begin PBXBuildFile section */
		06ED0BE0FCA2381A5DB86209 /* libPods.a in Frameworks */ = {isa = PBXBuildFile; fileRef = B09BA0766F258AFC8B657DF1 /* libPods.a */; };
		160F75E01BF825DB002B34F4 /* main.m in Sources */ = {isa = PBXBuildFile; fileRef = 160F75DF1BF825DB002B34F4 /* main.m */; };
		160F75E31BF825DB002B34F4 /* AppDelegate.m in Sources */ = {isa = PBXBuildFile; fileRef = 160F75E21BF825DB002B34F4 /* AppDelegate.m */; };
		160F75EB1BF825DB002B34F4 /* Assets.xcassets in Resources */ = {isa = PBXBuildFile; fileRef = 160F75EA1BF825DB002B34F4 /* Assets.xcassets */; };
		160F75EE1BF825DB002B34F4 /* LaunchScreen.storyboard in Resources */ = {isa = PBXBuildFile; fileRef = 160F75EC1BF825DB002B34F4 /* LaunchScreen.storyboard */; };
		160F75F91BF825DB002B34F4 /* buxintengTests.m in Sources */ = {isa = PBXBuildFile; fileRef = 160F75F81BF825DB002B34F4 /* buxintengTests.m */; };
		160F76041BF825DB002B34F4 /* buxintengUITests.m in Sources */ = {isa = PBXBuildFile; fileRef = 160F76031BF825DB002B34F4 /* buxintengUITests.m */; };
		160F76131BF826B4002B34F4 /* MainViewController.m in Sources */ = {isa = PBXBuildFile; fileRef = 160F76121BF826B4002B34F4 /* MainViewController.m */; };
		160F76181BF8294E002B34F4 /* Common.m in Sources */ = {isa = PBXBuildFile; fileRef = 160F76171BF8294E002B34F4 /* Common.m */; };
		160F761D1BF82AE8002B34F4 /* ANYViewController.m in Sources */ = {isa = PBXBuildFile; fileRef = 160F761C1BF82AE8002B34F4 /* ANYViewController.m */; };
		160F76211BFACC1F002B34F4 /* ANYPlayer.m in Sources */ = {isa = PBXBuildFile; fileRef = 160F76201BFACC1F002B34F4 /* ANYPlayer.m */; };
		160F76261BFB5F36002B34F4 /* CircleProgressView.m in Sources */ = {isa = PBXBuildFile; fileRef = 160F76251BFB5F36002B34F4 /* CircleProgressView.m */; };
		160F76291BFB5F58002B34F4 /* CircleShapeLayer.m in Sources */ = {isa = PBXBuildFile; fileRef = 160F76281BFB5F58002B34F4 /* CircleShapeLayer.m */; };
		160F762C1BFB625B002B34F4 /* ANYPlaybackView.m in Sources */ = {isa = PBXBuildFile; fileRef = 160F762B1BFB625B002B34F4 /* ANYPlaybackView.m */; };
		163C9B6F1BFD8A6E000F1D01 /* ANYQianQianLyricsDownloader.m in Sources */ = {isa = PBXBuildFile; fileRef = 163C9B6E1BFD8A6E000F1D01 /* ANYQianQianLyricsDownloader.m */; };
		163C9B711BFDA12F000F1D01 /* play_list.plist in Resources */ = {isa = PBXBuildFile; fileRef = 163C9B701BFDA12F000F1D01 /* play_list.plist */; };
		163C9B751BFDA6C7000F1D01 /* PlayListManager.m in Sources */ = {isa = PBXBuildFile; fileRef = 163C9B741BFDA6C7000F1D01 /* PlayListManager.m */; };
		163C9B781BFE0F56000F1D01 /* ANYAudioSessionHandler.m in Sources */ = {isa = PBXBuildFile; fileRef = 163C9B771BFE0F56000F1D01 /* ANYAudioSessionHandler.m */; };
		1653A3AC1BFCDFD000126B33 /* ANYMusicLRC.m in Sources */ = {isa = PBXBuildFile; fileRef = 1653A3AB1BFCDFD000126B33 /* ANYMusicLRC.m */; };
		1653A3AF1BFCE04400126B33 /* ANYMusicLRCView.m in Sources */ = {isa = PBXBuildFile; fileRef = 1653A3AE1BFCE04400126B33 /* ANYMusicLRCView.m */; };
		1653A3B91BFD40C600126B33 /* 陈慧琳-假天真.lrc in Resources */ = {isa = PBXBuildFile; fileRef = 1653A3B41BFD40C600126B33 /* 陈慧琳-假天真.lrc */; };
		1653A3BA1BFD40C600126B33 /* 陈奕迅-你给我听好.lrc in Resources */ = {isa = PBXBuildFile; fileRef = 1653A3B51BFD40C600126B33 /* 陈奕迅-你给我听好.lrc */; };
		1653A3BB1BFD40C600126B33 /* 方力申-好心好报.lrc in Resources */ = {isa = PBXBuildFile; fileRef = 1653A3B61BFD40C600126B33 /* 方力申-好心好报.lrc */; };
		1653A3BC1BFD40C600126B33 /* 林俊杰-那些你很冒险的梦.lrc in Resources */ = {isa = PBXBuildFile; fileRef = 1653A3B71BFD40C600126B33 /* 林俊杰-那些你很冒险的梦.lrc */; };
		1653A3BD1BFD40C600126B33 /* 周杰伦-龙卷风.lrc in Resources */ = {isa = PBXBuildFile; fileRef = 1653A3B81BFD40C600126B33 /* 周杰伦-龙卷风.lrc */; };
		1653A3BF1BFD451500126B33 /* 合唱歌曲-好心好报.lrc in Resources */ = {isa = PBXBuildFile; fileRef = 1653A3BE1BFD451500126B33 /* 合唱歌曲-好心好报.lrc */; };
		1653A3C21BFD4BAD00126B33 /* ANYLRCTableViewCell.m in Sources */ = {isa = PBXBuildFile; fileRef = 1653A3C11BFD4BAD00126B33 /* ANYLRCTableViewCell.m */; };
/* End PBXBuildFile section */

/* Begin PBXContainerItemProxy section */
		160F75F51BF825DB002B34F4 /* PBXContainerItemProxy */ = {
			isa = PBXContainerItemProxy;
			containerPortal = 160F75D31BF825DB002B34F4 /* Project object */;
			proxyType = 1;
			remoteGlobalIDString = 160F75DA1BF825DB002B34F4;
			remoteInfo = buxinteng;
		};
		160F76001BF825DB002B34F4 /* PBXContainerItemProxy */ = {
			isa = PBXContainerItemProxy;
			containerPortal = 160F75D31BF825DB002B34F4 /* Project object */;
			proxyType = 1;
			remoteGlobalIDString = 160F75DA1BF825DB002B34F4;
			remoteInfo = buxinteng;
		};
/* End PBXContainerItemProxy section */

/* Begin PBXFileReference section */
		160F75DB1BF825DB002B34F4 /* buxinteng.app */ = {isa = PBXFileReference; explicitFileType = wrapper.application; includeInIndex = 0; path = buxinteng.app; sourceTree = BUILT_PRODUCTS_DIR; };
		160F75DF1BF825DB002B34F4 /* main.m */ = {isa = PBXFileReference; lastKnownFileType = sourcecode.c.objc; path = main.m; sourceTree = "<group>"; };
		160F75E11BF825DB002B34F4 /* AppDelegate.h */ = {isa = PBXFileReference; lastKnownFileType = sourcecode.c.h; path = AppDelegate.h; sourceTree = "<group>"; };
		160F75E21BF825DB002B34F4 /* AppDelegate.m */ = {isa = PBXFileReference; lastKnownFileType = sourcecode.c.objc; path = AppDelegate.m; sourceTree = "<group>"; };
		160F75EA1BF825DB002B34F4 /* Assets.xcassets */ = {isa = PBXFileReference; lastKnownFileType = folder.assetcatalog; path = Assets.xcassets; sourceTree = "<group>"; };
		160F75ED1BF825DB002B34F4 /* Base */ = {isa = PBXFileReference; lastKnownFileType = file.storyboard; name = Base; path = Base.lproj/LaunchScreen.storyboard; sourceTree = "<group>"; };
		160F75EF1BF825DB002B34F4 /* Info.plist */ = {isa = PBXFileReference; lastKnownFileType = text.plist.xml; path = Info.plist; sourceTree = "<group>"; };
		160F75F41BF825DB002B34F4 /* buxintengTests.xctest */ = {isa = PBXFileReference; explicitFileType = wrapper.cfbundle; includeInIndex = 0; path = buxintengTests.xctest; sourceTree = BUILT_PRODUCTS_DIR; };
		160F75F81BF825DB002B34F4 /* buxintengTests.m */ = {isa = PBXFileReference; lastKnownFileType = sourcecode.c.objc; path = buxintengTests.m; sourceTree = "<group>"; };
		160F75FA1BF825DB002B34F4 /* Info.plist */ = {isa = PBXFileReference; lastKnownFileType = text.plist.xml; path = Info.plist; sourceTree = "<group>"; };
		160F75FF1BF825DB002B34F4 /* buxintengUITests.xctest */ = {isa = PBXFileReference; explicitFileType = wrapper.cfbundle; includeInIndex = 0; path = buxintengUITests.xctest; sourceTree = BUILT_PRODUCTS_DIR; };
		160F76031BF825DB002B34F4 /* buxintengUITests.m */ = {isa = PBXFileReference; lastKnownFileType = sourcecode.c.objc; path = buxintengUITests.m; sourceTree = "<group>"; };
		160F76051BF825DB002B34F4 /* Info.plist */ = {isa = PBXFileReference; lastKnownFileType = text.plist.xml; path = Info.plist; sourceTree = "<group>"; };
		160F76111BF826B4002B34F4 /* MainViewController.h */ = {isa = PBXFileReference; fileEncoding = 4; lastKnownFileType = sourcecode.c.h; path = MainViewController.h; sourceTree = "<group>"; };
		160F76121BF826B4002B34F4 /* MainViewController.m */ = {isa = PBXFileReference; fileEncoding = 4; lastKnownFileType = sourcecode.c.objc; path = MainViewController.m; sourceTree = "<group>"; };
		160F76161BF8294E002B34F4 /* Common.h */ = {isa = PBXFileReference; fileEncoding = 4; lastKnownFileType = sourcecode.c.h; path = Common.h; sourceTree = "<group>"; };
		160F76171BF8294E002B34F4 /* Common.m */ = {isa = PBXFileReference; fileEncoding = 4; lastKnownFileType = sourcecode.c.objc; path = Common.m; sourceTree = "<group>"; };
		160F76191BF829D1002B34F4 /* MacroDefinition.h */ = {isa = PBXFileReference; fileEncoding = 4; lastKnownFileType = sourcecode.c.h; path = MacroDefinition.h; sourceTree = "<group>"; };
		160F761A1BF82A22002B34F4 /* buxinteng-prefix.pch */ = {isa = PBXFileReference; fileEncoding = 4; lastKnownFileType = sourcecode.c.h; path = "buxinteng-prefix.pch"; sourceTree = "<group>"; };
		160F761B1BF82AE8002B34F4 /* ANYViewController.h */ = {isa = PBXFileReference; fileEncoding = 4; lastKnownFileType = sourcecode.c.h; path = ANYViewController.h; sourceTree = "<group>"; };
		160F761C1BF82AE8002B34F4 /* ANYViewController.m */ = {isa = PBXFileReference; fileEncoding = 4; lastKnownFileType = sourcecode.c.objc; path = ANYViewController.m; sourceTree = "<group>"; };
		160F761F1BFACC1F002B34F4 /* ANYPlayer.h */ = {isa = PBXFileReference; fileEncoding = 4; lastKnownFileType = sourcecode.c.h; path = ANYPlayer.h; sourceTree = "<group>"; };
		160F76201BFACC1F002B34F4 /* ANYPlayer.m */ = {isa = PBXFileReference; fileEncoding = 4; lastKnownFileType = sourcecode.c.objc; path = ANYPlayer.m; sourceTree = "<group>"; };
		160F76241BFB5F36002B34F4 /* CircleProgressView.h */ = {isa = PBXFileReference; fileEncoding = 4; lastKnownFileType = sourcecode.c.h; path = CircleProgressView.h; sourceTree = "<group>"; };
		160F76251BFB5F36002B34F4 /* CircleProgressView.m */ = {isa = PBXFileReference; fileEncoding = 4; lastKnownFileType = sourcecode.c.objc; path = CircleProgressView.m; sourceTree = "<group>"; };
		160F76271BFB5F58002B34F4 /* CircleShapeLayer.h */ = {isa = PBXFileReference; fileEncoding = 4; lastKnownFileType = sourcecode.c.h; path = CircleShapeLayer.h; sourceTree = "<group>"; };
		160F76281BFB5F58002B34F4 /* CircleShapeLayer.m */ = {isa = PBXFileReference; fileEncoding = 4; lastKnownFileType = sourcecode.c.objc; path = CircleShapeLayer.m; sourceTree = "<group>"; };
		160F762A1BFB625B002B34F4 /* ANYPlaybackView.h */ = {isa = PBXFileReference; fileEncoding = 4; lastKnownFileType = sourcecode.c.h; path = ANYPlaybackView.h; sourceTree = "<group>"; };
		160F762B1BFB625B002B34F4 /* ANYPlaybackView.m */ = {isa = PBXFileReference; fileEncoding = 4; lastKnownFileType = sourcecode.c.objc; path = ANYPlaybackView.m; sourceTree = "<group>"; };
		163C9B6D1BFD8A6E000F1D01 /* ANYQianQianLyricsDownloader.h */ = {isa = PBXFileReference; fileEncoding = 4; lastKnownFileType = sourcecode.c.h; path = ANYQianQianLyricsDownloader.h; sourceTree = "<group>"; };
		163C9B6E1BFD8A6E000F1D01 /* ANYQianQianLyricsDownloader.m */ = {isa = PBXFileReference; fileEncoding = 4; lastKnownFileType = sourcecode.c.objc; path = ANYQianQianLyricsDownloader.m; sourceTree = "<group>"; };
		163C9B701BFDA12F000F1D01 /* play_list.plist */ = {isa = PBXFileReference; fileEncoding = 4; lastKnownFileType = text.plist.xml; path = play_list.plist; sourceTree = "<group>"; };
		163C9B731BFDA6C7000F1D01 /* PlayListManager.h */ = {isa = PBXFileReference; fileEncoding = 4; lastKnownFileType = sourcecode.c.h; path = PlayListManager.h; sourceTree = "<group>"; };
		163C9B741BFDA6C7000F1D01 /* PlayListManager.m */ = {isa = PBXFileReference; fileEncoding = 4; lastKnownFileType = sourcecode.c.objc; path = PlayListManager.m; sourceTree = "<group>"; };
		163C9B761BFE0F56000F1D01 /* ANYAudioSessionHandler.h */ = {isa = PBXFileReference; fileEncoding = 4; lastKnownFileType = sourcecode.c.h; path = ANYAudioSessionHandler.h; sourceTree = "<group>"; };
		163C9B771BFE0F56000F1D01 /* ANYAudioSessionHandler.m */ = {isa = PBXFileReference; fileEncoding = 4; lastKnownFileType = sourcecode.c.objc; path = ANYAudioSessionHandler.m; sourceTree = "<group>"; };
		1653A3AA1BFCDFD000126B33 /* ANYMusicLRC.h */ = {isa = PBXFileReference; fileEncoding = 4; lastKnownFileType = sourcecode.c.h; path = ANYMusicLRC.h; sourceTree = "<group>"; };
		1653A3AB1BFCDFD000126B33 /* ANYMusicLRC.m */ = {isa = PBXFileReference; fileEncoding = 4; lastKnownFileType = sourcecode.c.objc; path = ANYMusicLRC.m; sourceTree = "<group>"; };
		1653A3AD1BFCE04400126B33 /* ANYMusicLRCView.h */ = {isa = PBXFileReference; fileEncoding = 4; lastKnownFileType = sourcecode.c.h; path = ANYMusicLRCView.h; sourceTree = "<group>"; };
		1653A3AE1BFCE04400126B33 /* ANYMusicLRCView.m */ = {isa = PBXFileReference; fileEncoding = 4; lastKnownFileType = sourcecode.c.objc; path = ANYMusicLRCView.m; sourceTree = "<group>"; };
		1653A3B41BFD40C600126B33 /* 陈慧琳-假天真.lrc */ = {isa = PBXFileReference; fileEncoding = 4; lastKnownFileType = text; path = "陈慧琳-假天真.lrc"; sourceTree = "<group>"; };
		1653A3B51BFD40C600126B33 /* 陈奕迅-你给我听好.lrc */ = {isa = PBXFileReference; fileEncoding = 4; lastKnownFileType = text; path = "陈奕迅-你给我听好.lrc"; sourceTree = "<group>"; };
		1653A3B61BFD40C600126B33 /* 方力申-好心好报.lrc */ = {isa = PBXFileReference; fileEncoding = 4; lastKnownFileType = text; path = "方力申-好心好报.lrc"; sourceTree = "<group>"; };
		1653A3B71BFD40C600126B33 /* 林俊杰-那些你很冒险的梦.lrc */ = {isa = PBXFileReference; fileEncoding = 4; lastKnownFileType = text; path = "林俊杰-那些你很冒险的梦.lrc"; sourceTree = "<group>"; };
		1653A3B81BFD40C600126B33 /* 周杰伦-龙卷风.lrc */ = {isa = PBXFileReference; fileEncoding = 4; lastKnownFileType = text; path = "周杰伦-龙卷风.lrc"; sourceTree = "<group>"; };
		1653A3BE1BFD451500126B33 /* 合唱歌曲-好心好报.lrc */ = {isa = PBXFileReference; fileEncoding = 4; lastKnownFileType = text; path = "合唱歌曲-好心好报.lrc"; sourceTree = "<group>"; };
		1653A3C01BFD4BAD00126B33 /* ANYLRCTableViewCell.h */ = {isa = PBXFileReference; fileEncoding = 4; lastKnownFileType = sourcecode.c.h; path = ANYLRCTableViewCell.h; sourceTree = "<group>"; };
		1653A3C11BFD4BAD00126B33 /* ANYLRCTableViewCell.m */ = {isa = PBXFileReference; fileEncoding = 4; lastKnownFileType = sourcecode.c.objc; path = ANYLRCTableViewCell.m; sourceTree = "<group>"; };
		200A1C186FABD082E75F702E /* Pods.debug.xcconfig */ = {isa = PBXFileReference; includeInIndex = 1; lastKnownFileType = text.xcconfig; name = Pods.debug.xcconfig; path = "Pods/Target Support Files/Pods/Pods.debug.xcconfig"; sourceTree = "<group>"; };
		40DC273D84237C442497D90A /* Pods.release.xcconfig */ = {isa = PBXFileReference; includeInIndex = 1; lastKnownFileType = text.xcconfig; name = Pods.release.xcconfig; path = "Pods/Target Support Files/Pods/Pods.release.xcconfig"; sourceTree = "<group>"; };
		B09BA0766F258AFC8B657DF1 /* libPods.a */ = {isa = PBXFileReference; explicitFileType = archive.ar; includeInIndex = 0; path = libPods.a; sourceTree = BUILT_PRODUCTS_DIR; };
/* End PBXFileReference section */

/* Begin PBXFrameworksBuildPhase section */
		160F75D81BF825DB002B34F4 /* Frameworks */ = {
			isa = PBXFrameworksBuildPhase;
			buildActionMask = 2147483647;
			files = (
				06ED0BE0FCA2381A5DB86209 /* libPods.a in Frameworks */,
			);
			runOnlyForDeploymentPostprocessing = 0;
		};
		160F75F11BF825DB002B34F4 /* Frameworks */ = {
			isa = PBXFrameworksBuildPhase;
			buildActionMask = 2147483647;
			files = (
			);
			runOnlyForDeploymentPostprocessing = 0;
		};
		160F75FC1BF825DB002B34F4 /* Frameworks */ = {
			isa = PBXFrameworksBuildPhase;
			buildActionMask = 2147483647;
			files = (
			);
			runOnlyForDeploymentPostprocessing = 0;
		};
/* End PBXFrameworksBuildPhase section */

/* Begin PBXGroup section */
		160F75D21BF825DB002B34F4 = {
			isa = PBXGroup;
			children = (
				160F75DD1BF825DB002B34F4 /* buxinteng */,
				160F75F71BF825DB002B34F4 /* buxintengTests */,
				160F76021BF825DB002B34F4 /* buxintengUITests */,
				160F75DC1BF825DB002B34F4 /* Products */,
				784202D9E99E1078A442102E /* Pods */,
				9F611C1283ABE4BF42B0A593 /* Frameworks */,
			);
			sourceTree = "<group>";
		};
		160F75DC1BF825DB002B34F4 /* Products */ = {
			isa = PBXGroup;
			children = (
				160F75DB1BF825DB002B34F4 /* buxinteng.app */,
				160F75F41BF825DB002B34F4 /* buxintengTests.xctest */,
				160F75FF1BF825DB002B34F4 /* buxintengUITests.xctest */,
			);
			name = Products;
			sourceTree = "<group>";
		};
		160F75DD1BF825DB002B34F4 /* buxinteng */ = {
			isa = PBXGroup;
			children = (
				163C9B721BFDA6A5000F1D01 /* PlayListManager */,
				160F76221BFB5EDF002B34F4 /* PlaybackView */,
				160F761E1BFACBE8002B34F4 /* Playback */,
				160F76151BF8292A002B34F4 /* Uitl */,
				160F76141BF82923002B34F4 /* Common */,
				160F75E11BF825DB002B34F4 /* AppDelegate.h */,
				160F75E21BF825DB002B34F4 /* AppDelegate.m */,
				160F76111BF826B4002B34F4 /* MainViewController.h */,
				160F76121BF826B4002B34F4 /* MainViewController.m */,
				160F75EA1BF825DB002B34F4 /* Assets.xcassets */,
				160F75EC1BF825DB002B34F4 /* LaunchScreen.storyboard */,
				160F75EF1BF825DB002B34F4 /* Info.plist */,
				160F75DE1BF825DB002B34F4 /* Supporting Files */,
			);
			path = buxinteng;
			sourceTree = "<group>";
		};
		160F75DE1BF825DB002B34F4 /* Supporting Files */ = {
			isa = PBXGroup;
			children = (
				1653A3BE1BFD451500126B33 /* 合唱歌曲-好心好报.lrc */,
				1653A3B41BFD40C600126B33 /* 陈慧琳-假天真.lrc */,
				1653A3B51BFD40C600126B33 /* 陈奕迅-你给我听好.lrc */,
				1653A3B61BFD40C600126B33 /* 方力申-好心好报.lrc */,
				1653A3B71BFD40C600126B33 /* 林俊杰-那些你很冒险的梦.lrc */,
				1653A3B81BFD40C600126B33 /* 周杰伦-龙卷风.lrc */,
				160F75DF1BF825DB002B34F4 /* main.m */,
				160F761A1BF82A22002B34F4 /* buxinteng-prefix.pch */,
				163C9B701BFDA12F000F1D01 /* play_list.plist */,
			);
			name = "Supporting Files";
			sourceTree = "<group>";
		};
		160F75F71BF825DB002B34F4 /* buxintengTests */ = {
			isa = PBXGroup;
			children = (
				160F75F81BF825DB002B34F4 /* buxintengTests.m */,
				160F75FA1BF825DB002B34F4 /* Info.plist */,
			);
			path = buxintengTests;
			sourceTree = "<group>";
		};
		160F76021BF825DB002B34F4 /* buxintengUITests */ = {
			isa = PBXGroup;
			children = (
				160F76031BF825DB002B34F4 /* buxintengUITests.m */,
				160F76051BF825DB002B34F4 /* Info.plist */,
			);
			path = buxintengUITests;
			sourceTree = "<group>";
		};
		160F76141BF82923002B34F4 /* Common */ = {
			isa = PBXGroup;
			children = (
				160F76161BF8294E002B34F4 /* Common.h */,
				160F76171BF8294E002B34F4 /* Common.m */,
				160F761B1BF82AE8002B34F4 /* ANYViewController.h */,
				160F761C1BF82AE8002B34F4 /* ANYViewController.m */,
			);
			path = Common;
			sourceTree = "<group>";
		};
		160F76151BF8292A002B34F4 /* Uitl */ = {
			isa = PBXGroup;
			children = (
				160F76191BF829D1002B34F4 /* MacroDefinition.h */,
			);
			path = Uitl;
			sourceTree = "<group>";
		};
		160F761E1BFACBE8002B34F4 /* Playback */ = {
			isa = PBXGroup;
			children = (
				160F761F1BFACC1F002B34F4 /* ANYPlayer.h */,
				160F76201BFACC1F002B34F4 /* ANYPlayer.m */,
				163C9B761BFE0F56000F1D01 /* ANYAudioSessionHandler.h */,
				163C9B771BFE0F56000F1D01 /* ANYAudioSessionHandler.m */,
			);
			path = Playback;
			sourceTree = "<group>";
		};
		160F76221BFB5EDF002B34F4 /* PlaybackView */ = {
			isa = PBXGroup;
			children = (
				160F762A1BFB625B002B34F4 /* ANYPlaybackView.h */,
				160F762B1BFB625B002B34F4 /* ANYPlaybackView.m */,
				1653A3A91BFCDF9D00126B33 /* LrcView */,
				160F76231BFB5F05002B34F4 /* ProgressView */,
			);
			path = PlaybackView;
			sourceTree = "<group>";
		};
		160F76231BFB5F05002B34F4 /* ProgressView */ = {
			isa = PBXGroup;
			children = (
				160F76241BFB5F36002B34F4 /* CircleProgressView.h */,
				160F76251BFB5F36002B34F4 /* CircleProgressView.m */,
				160F76271BFB5F58002B34F4 /* CircleShapeLayer.h */,
				160F76281BFB5F58002B34F4 /* CircleShapeLayer.m */,
			);
			name = ProgressView;
			sourceTree = "<group>";
		};
		163C9B721BFDA6A5000F1D01 /* PlayListManager */ = {
			isa = PBXGroup;
			children = (
				163C9B731BFDA6C7000F1D01 /* PlayListManager.h */,
				163C9B741BFDA6C7000F1D01 /* PlayListManager.m */,
			);
			path = PlayListManager;
			sourceTree = "<group>";
		};
		1653A3A91BFCDF9D00126B33 /* LrcView */ = {
			isa = PBXGroup;
			children = (
				1653A3AA1BFCDFD000126B33 /* ANYMusicLRC.h */,
				1653A3AB1BFCDFD000126B33 /* ANYMusicLRC.m */,
				1653A3AD1BFCE04400126B33 /* ANYMusicLRCView.h */,
				1653A3AE1BFCE04400126B33 /* ANYMusicLRCView.m */,
				1653A3C01BFD4BAD00126B33 /* ANYLRCTableViewCell.h */,
				1653A3C11BFD4BAD00126B33 /* ANYLRCTableViewCell.m */,
				163C9B6D1BFD8A6E000F1D01 /* ANYQianQianLyricsDownloader.h */,
				163C9B6E1BFD8A6E000F1D01 /* ANYQianQianLyricsDownloader.m */,
			);
			name = LrcView;
			sourceTree = "<group>";
		};
		784202D9E99E1078A442102E /* Pods */ = {
			isa = PBXGroup;
			children = (
				200A1C186FABD082E75F702E /* Pods.debug.xcconfig */,
				40DC273D84237C442497D90A /* Pods.release.xcconfig */,
			);
			name = Pods;
			sourceTree = "<group>";
		};
		9F611C1283ABE4BF42B0A593 /* Frameworks */ = {
			isa = PBXGroup;
			children = (
				B09BA0766F258AFC8B657DF1 /* libPods.a */,
			);
			name = Frameworks;
			sourceTree = "<group>";
		};
/* End PBXGroup section */

/* Begin PBXNativeTarget section */
		160F75DA1BF825DB002B34F4 /* buxinteng */ = {
			isa = PBXNativeTarget;
			buildConfigurationList = 160F76081BF825DB002B34F4 /* Build configuration list for PBXNativeTarget "buxinteng" */;
			buildPhases = (
				CE3AC4E134BA3310460CF2FC /* Check Pods Manifest.lock */,
				160F75D71BF825DB002B34F4 /* Sources */,
				160F75D81BF825DB002B34F4 /* Frameworks */,
				160F75D91BF825DB002B34F4 /* Resources */,
				A649582BDF06F670F9ECB18D /* Embed Pods Frameworks */,
				18D7194F12BC74CDB2441712 /* Copy Pods Resources */,
			);
			buildRules = (
			);
			dependencies = (
			);
			name = buxinteng;
			productName = buxinteng;
			productReference = 160F75DB1BF825DB002B34F4 /* buxinteng.app */;
			productType = "com.apple.product-type.application";
		};
		160F75F31BF825DB002B34F4 /* buxintengTests */ = {
			isa = PBXNativeTarget;
			buildConfigurationList = 160F760B1BF825DB002B34F4 /* Build configuration list for PBXNativeTarget "buxintengTests" */;
			buildPhases = (
				160F75F01BF825DB002B34F4 /* Sources */,
				160F75F11BF825DB002B34F4 /* Frameworks */,
				160F75F21BF825DB002B34F4 /* Resources */,
			);
			buildRules = (
			);
			dependencies = (
				160F75F61BF825DB002B34F4 /* PBXTargetDependency */,
			);
			name = buxintengTests;
			productName = buxintengTests;
			productReference = 160F75F41BF825DB002B34F4 /* buxintengTests.xctest */;
			productType = "com.apple.product-type.bundle.unit-test";
		};
		160F75FE1BF825DB002B34F4 /* buxintengUITests */ = {
			isa = PBXNativeTarget;
			buildConfigurationList = 160F760E1BF825DB002B34F4 /* Build configuration list for PBXNativeTarget "buxintengUITests" */;
			buildPhases = (
				160F75FB1BF825DB002B34F4 /* Sources */,
				160F75FC1BF825DB002B34F4 /* Frameworks */,
				160F75FD1BF825DB002B34F4 /* Resources */,
			);
			buildRules = (
			);
			dependencies = (
				160F76011BF825DB002B34F4 /* PBXTargetDependency */,
			);
			name = buxintengUITests;
			productName = buxintengUITests;
			productReference = 160F75FF1BF825DB002B34F4 /* buxintengUITests.xctest */;
			productType = "com.apple.product-type.bundle.ui-testing";
		};
/* End PBXNativeTarget section */

/* Begin PBXProject section */
		160F75D31BF825DB002B34F4 /* Project object */ = {
			isa = PBXProject;
			attributes = {
				LastUpgradeCheck = 0710;
				ORGANIZATIONNAME = "Anyson Chan";
				TargetAttributes = {
					160F75DA1BF825DB002B34F4 = {
						CreatedOnToolsVersion = 7.1;
						DevelopmentTeam = 6JG7L667U2;
					};
					160F75F31BF825DB002B34F4 = {
						CreatedOnToolsVersion = 7.1;
						TestTargetID = 160F75DA1BF825DB002B34F4;
					};
					160F75FE1BF825DB002B34F4 = {
						CreatedOnToolsVersion = 7.1;
						TestTargetID = 160F75DA1BF825DB002B34F4;
					};
				};
			};
			buildConfigurationList = 160F75D61BF825DB002B34F4 /* Build configuration list for PBXProject "buxinteng" */;
			compatibilityVersion = "Xcode 3.2";
			developmentRegion = English;
			hasScannedForEncodings = 0;
			knownRegions = (
				en,
				Base,
			);
			mainGroup = 160F75D21BF825DB002B34F4;
			productRefGroup = 160F75DC1BF825DB002B34F4 /* Products */;
			projectDirPath = "";
			projectRoot = "";
			targets = (
				160F75DA1BF825DB002B34F4 /* buxinteng */,
				160F75F31BF825DB002B34F4 /* buxintengTests */,
				160F75FE1BF825DB002B34F4 /* buxintengUITests */,
			);
		};
/* End PBXProject section */

/* Begin PBXResourcesBuildPhase section */
		160F75D91BF825DB002B34F4 /* Resources */ = {
			isa = PBXResourcesBuildPhase;
			buildActionMask = 2147483647;
			files = (
				1653A3BC1BFD40C600126B33 /* 林俊杰-那些你很冒险的梦.lrc in Resources */,
				1653A3BB1BFD40C600126B33 /* 方力申-好心好报.lrc in Resources */,
				1653A3BF1BFD451500126B33 /* 合唱歌曲-好心好报.lrc in Resources */,
				160F75EE1BF825DB002B34F4 /* LaunchScreen.storyboard in Resources */,
				1653A3B91BFD40C600126B33 /* 陈慧琳-假天真.lrc in Resources */,
				163C9B711BFDA12F000F1D01 /* play_list.plist in Resources */,
				1653A3BA1BFD40C600126B33 /* 陈奕迅-你给我听好.lrc in Resources */,
				160F75EB1BF825DB002B34F4 /* Assets.xcassets in Resources */,
				1653A3BD1BFD40C600126B33 /* 周杰伦-龙卷风.lrc in Resources */,
			);
			runOnlyForDeploymentPostprocessing = 0;
		};
		160F75F21BF825DB002B34F4 /* Resources */ = {
			isa = PBXResourcesBuildPhase;
			buildActionMask = 2147483647;
			files = (
			);
			runOnlyForDeploymentPostprocessing = 0;
		};
		160F75FD1BF825DB002B34F4 /* Resources */ = {
			isa = PBXResourcesBuildPhase;
			buildActionMask = 2147483647;
			files = (
			);
			runOnlyForDeploymentPostprocessing = 0;
		};
/* End PBXResourcesBuildPhase section */

/* Begin PBXShellScriptBuildPhase section */
		18D7194F12BC74CDB2441712 /* Copy Pods Resources */ = {
			isa = PBXShellScriptBuildPhase;
			buildActionMask = 2147483647;
			files = (
			);
			inputPaths = (
			);
			name = "Copy Pods Resources";
			outputPaths = (
			);
			runOnlyForDeploymentPostprocessing = 0;
			shellPath = /bin/sh;
			shellScript = "\"${SRCROOT}/Pods/Target Support Files/Pods/Pods-resources.sh\"\n";
			showEnvVarsInLog = 0;
		};
		A649582BDF06F670F9ECB18D /* Embed Pods Frameworks */ = {
			isa = PBXShellScriptBuildPhase;
			buildActionMask = 2147483647;
			files = (
			);
			inputPaths = (
			);
			name = "Embed Pods Frameworks";
			outputPaths = (
			);
			runOnlyForDeploymentPostprocessing = 0;
			shellPath = /bin/sh;
			shellScript = "\"${SRCROOT}/Pods/Target Support Files/Pods/Pods-frameworks.sh\"\n";
			showEnvVarsInLog = 0;
		};
		CE3AC4E134BA3310460CF2FC /* Check Pods Manifest.lock */ = {
			isa = PBXShellScriptBuildPhase;
			buildActionMask = 2147483647;
			files = (
			);
			inputPaths = (
			);
			name = "Check Pods Manifest.lock";
			outputPaths = (
			);
			runOnlyForDeploymentPostprocessing = 0;
			shellPath = /bin/sh;
			shellScript = "diff \"${PODS_ROOT}/../Podfile.lock\" \"${PODS_ROOT}/Manifest.lock\" > /dev/null\nif [[ $? != 0 ]] ; then\n    cat << EOM\nerror: The sandbox is not in sync with the Podfile.lock. Run 'pod install' or update your CocoaPods installation.\nEOM\n    exit 1\nfi\n";
			showEnvVarsInLog = 0;
		};
/* End PBXShellScriptBuildPhase section */

/* Begin PBXSourcesBuildPhase section */
		160F75D71BF825DB002B34F4 /* Sources */ = {
			isa = PBXSourcesBuildPhase;
			buildActionMask = 2147483647;
			files = (
				1653A3C21BFD4BAD00126B33 /* ANYLRCTableViewCell.m in Sources */,
				160F762C1BFB625B002B34F4 /* ANYPlaybackView.m in Sources */,
				160F76181BF8294E002B34F4 /* Common.m in Sources */,
				160F75E31BF825DB002B34F4 /* AppDelegate.m in Sources */,
				160F76131BF826B4002B34F4 /* MainViewController.m in Sources */,
				160F761D1BF82AE8002B34F4 /* ANYViewController.m in Sources */,
				160F75E01BF825DB002B34F4 /* main.m in Sources */,
				163C9B781BFE0F56000F1D01 /* ANYAudioSessionHandler.m in Sources */,
				160F76291BFB5F58002B34F4 /* CircleShapeLayer.m in Sources */,
				160F76261BFB5F36002B34F4 /* CircleProgressView.m in Sources */,
				163C9B751BFDA6C7000F1D01 /* PlayListManager.m in Sources */,
				1653A3AC1BFCDFD000126B33 /* ANYMusicLRC.m in Sources */,
				1653A3AF1BFCE04400126B33 /* ANYMusicLRCView.m in Sources */,
				163C9B6F1BFD8A6E000F1D01 /* ANYQianQianLyricsDownloader.m in Sources */,
				160F76211BFACC1F002B34F4 /* ANYPlayer.m in Sources */,
			);
			runOnlyForDeploymentPostprocessing = 0;
		};
		160F75F01BF825DB002B34F4 /* Sources */ = {
			isa = PBXSourcesBuildPhase;
			buildActionMask = 2147483647;
			files = (
				160F75F91BF825DB002B34F4 /* buxintengTests.m in Sources */,
			);
			runOnlyForDeploymentPostprocessing = 0;
		};
		160F75FB1BF825DB002B34F4 /* Sources */ = {
			isa = PBXSourcesBuildPhase;
			buildActionMask = 2147483647;
			files = (
				160F76041BF825DB002B34F4 /* buxintengUITests.m in Sources */,
			);
			runOnlyForDeploymentPostprocessing = 0;
		};
/* End PBXSourcesBuildPhase section */

/* Begin PBXTargetDependency section */
		160F75F61BF825DB002B34F4 /* PBXTargetDependency */ = {
			isa = PBXTargetDependency;
			target = 160F75DA1BF825DB002B34F4 /* buxinteng */;
			targetProxy = 160F75F51BF825DB002B34F4 /* PBXContainerItemProxy */;
		};
		160F76011BF825DB002B34F4 /* PBXTargetDependency */ = {
			isa = PBXTargetDependency;
			target = 160F75DA1BF825DB002B34F4 /* buxinteng */;
			targetProxy = 160F76001BF825DB002B34F4 /* PBXContainerItemProxy */;
		};
/* End PBXTargetDependency section */

/* Begin PBXVariantGroup section */
		160F75EC1BF825DB002B34F4 /* LaunchScreen.storyboard */ = {
			isa = PBXVariantGroup;
			children = (
				160F75ED1BF825DB002B34F4 /* Base */,
			);
			name = LaunchScreen.storyboard;
			sourceTree = "<group>";
		};
/* End PBXVariantGroup section */

/* Begin XCBuildConfiguration section */
		160F76061BF825DB002B34F4 /* Debug */ = {
			isa = XCBuildConfiguration;
			buildSettings = {
				ALWAYS_SEARCH_USER_PATHS = NO;
				CLANG_CXX_LANGUAGE_STANDARD = "gnu++0x";
				CLANG_CXX_LIBRARY = "libc++";
				CLANG_ENABLE_MODULES = YES;
				CLANG_ENABLE_OBJC_ARC = YES;
				CLANG_WARN_BOOL_CONVERSION = YES;
				CLANG_WARN_CONSTANT_CONVERSION = YES;
				CLANG_WARN_DIRECT_OBJC_ISA_USAGE = YES_ERROR;
				CLANG_WARN_EMPTY_BODY = YES;
				CLANG_WARN_ENUM_CONVERSION = YES;
				CLANG_WARN_INT_CONVERSION = YES;
				CLANG_WARN_OBJC_ROOT_CLASS = YES_ERROR;
				CLANG_WARN_UNREACHABLE_CODE = YES;
				CLANG_WARN__DUPLICATE_METHOD_MATCH = YES;
				"CODE_SIGN_IDENTITY[sdk=iphoneos*]" = "iPhone Developer";
				COPY_PHASE_STRIP = NO;
				DEBUG_INFORMATION_FORMAT = dwarf;
				ENABLE_STRICT_OBJC_MSGSEND = YES;
				ENABLE_TESTABILITY = YES;
				GCC_C_LANGUAGE_STANDARD = gnu99;
				GCC_DYNAMIC_NO_PIC = NO;
				GCC_NO_COMMON_BLOCKS = YES;
				GCC_OPTIMIZATION_LEVEL = 0;
				GCC_PREPROCESSOR_DEFINITIONS = (
					"DEBUG=1",
					"$(inherited)",
				);
				GCC_WARN_64_TO_32_BIT_CONVERSION = YES;
				GCC_WARN_ABOUT_RETURN_TYPE = YES_ERROR;
				GCC_WARN_UNDECLARED_SELECTOR = YES;
				GCC_WARN_UNINITIALIZED_AUTOS = YES_AGGRESSIVE;
				GCC_WARN_UNUSED_FUNCTION = YES;
				GCC_WARN_UNUSED_VARIABLE = YES;
				IPHONEOS_DEPLOYMENT_TARGET = 7.0;
				MTL_ENABLE_DEBUG_INFO = YES;
				ONLY_ACTIVE_ARCH = YES;
				SDKROOT = iphoneos;
			};
			name = Debug;
		};
		160F76071BF825DB002B34F4 /* Release */ = {
			isa = XCBuildConfiguration;
			buildSettings = {
				ALWAYS_SEARCH_USER_PATHS = NO;
				CLANG_CXX_LANGUAGE_STANDARD = "gnu++0x";
				CLANG_CXX_LIBRARY = "libc++";
				CLANG_ENABLE_MODULES = YES;
				CLANG_ENABLE_OBJC_ARC = YES;
				CLANG_WARN_BOOL_CONVERSION = YES;
				CLANG_WARN_CONSTANT_CONVERSION = YES;
				CLANG_WARN_DIRECT_OBJC_ISA_USAGE = YES_ERROR;
				CLANG_WARN_EMPTY_BODY = YES;
				CLANG_WARN_ENUM_CONVERSION = YES;
				CLANG_WARN_INT_CONVERSION = YES;
				CLANG_WARN_OBJC_ROOT_CLASS = YES_ERROR;
				CLANG_WARN_UNREACHABLE_CODE = YES;
				CLANG_WARN__DUPLICATE_METHOD_MATCH = YES;
				"CODE_SIGN_IDENTITY[sdk=iphoneos*]" = "iPhone Developer";
				COPY_PHASE_STRIP = NO;
				DEBUG_INFORMATION_FORMAT = "dwarf-with-dsym";
				ENABLE_NS_ASSERTIONS = NO;
				ENABLE_STRICT_OBJC_MSGSEND = YES;
				GCC_C_LANGUAGE_STANDARD = gnu99;
				GCC_NO_COMMON_BLOCKS = YES;
				GCC_WARN_64_TO_32_BIT_CONVERSION = YES;
				GCC_WARN_ABOUT_RETURN_TYPE = YES_ERROR;
				GCC_WARN_UNDECLARED_SELECTOR = YES;
				GCC_WARN_UNINITIALIZED_AUTOS = YES_AGGRESSIVE;
				GCC_WARN_UNUSED_FUNCTION = YES;
				GCC_WARN_UNUSED_VARIABLE = YES;
				IPHONEOS_DEPLOYMENT_TARGET = 7.0;
				MTL_ENABLE_DEBUG_INFO = NO;
				SDKROOT = iphoneos;
				VALIDATE_PRODUCT = YES;
			};
			name = Release;
		};
		160F76091BF825DB002B34F4 /* Debug */ = {
			isa = XCBuildConfiguration;
			baseConfigurationReference = 200A1C186FABD082E75F702E /* Pods.debug.xcconfig */;
			buildSettings = {
				ASSETCATALOG_COMPILER_APPICON_NAME = AppIcon;
				ASSETCATALOG_COMPILER_LAUNCHIMAGE_NAME = LaunchImage;
				CODE_SIGN_IDENTITY = "iPhone Developer";
				"CODE_SIGN_IDENTITY[sdk=iphoneos*]" = "iPhone Developer";
				GCC_PREFIX_HEADER = "buxinteng/buxinteng-prefix.pch";
				INFOPLIST_FILE = buxinteng/Info.plist;
				IPHONEOS_DEPLOYMENT_TARGET = 7.0;
				LD_RUNPATH_SEARCH_PATHS = "$(inherited) @executable_path/Frameworks";
				PRODUCT_BUNDLE_IDENTIFIER = com.anyson.buxinteng;
				PRODUCT_NAME = "$(TARGET_NAME)";
				PROVISIONING_PROFILE = "";
			};
			name = Debug;
		};
		160F760A1BF825DB002B34F4 /* Release */ = {
			isa = XCBuildConfiguration;
			baseConfigurationReference = 40DC273D84237C442497D90A /* Pods.release.xcconfig */;
			buildSettings = {
				ASSETCATALOG_COMPILER_APPICON_NAME = AppIcon;
				ASSETCATALOG_COMPILER_LAUNCHIMAGE_NAME = LaunchImage;
				CODE_SIGN_IDENTITY = "iPhone Developer";
				"CODE_SIGN_IDENTITY[sdk=iphoneos*]" = "iPhone Developer";
				GCC_PREFIX_HEADER = "buxinteng/buxinteng-prefix.pch";
				INFOPLIST_FILE = buxinteng/Info.plist;
				IPHONEOS_DEPLOYMENT_TARGET = 7.0;
				LD_RUNPATH_SEARCH_PATHS = "$(inherited) @executable_path/Frameworks";
				PRODUCT_BUNDLE_IDENTIFIER = com.anyson.buxinteng;
				PRODUCT_NAME = "$(TARGET_NAME)";
				PROVISIONING_PROFILE = "";
			};
			name = Release;
		};
		160F760C1BF825DB002B34F4 /* Debug */ = {
			isa = XCBuildConfiguration;
			buildSettings = {
				BUNDLE_LOADER = "$(TEST_HOST)";
				INFOPLIST_FILE = buxintengTests/Info.plist;
				LD_RUNPATH_SEARCH_PATHS = "$(inherited) @executable_path/Frameworks @loader_path/Frameworks";
				PRODUCT_BUNDLE_IDENTIFIER = com.anyson.buxintengTests;
				PRODUCT_NAME = "$(TARGET_NAME)";
				TEST_HOST = "$(BUILT_PRODUCTS_DIR)/buxinteng.app/buxinteng";
			};
			name = Debug;
		};
		160F760D1BF825DB002B34F4 /* Release */ = {
			isa = XCBuildConfiguration;
			buildSettings = {
				BUNDLE_LOADER = "$(TEST_HOST)";
				INFOPLIST_FILE = buxintengTests/Info.plist;
				LD_RUNPATH_SEARCH_PATHS = "$(inherited) @executable_path/Frameworks @loader_path/Frameworks";
				PRODUCT_BUNDLE_IDENTIFIER = com.anyson.buxintengTests;
				PRODUCT_NAME = "$(TARGET_NAME)";
				TEST_HOST = "$(BUILT_PRODUCTS_DIR)/buxinteng.app/buxinteng";
			};
			name = Release;
		};
		160F760F1BF825DB002B34F4 /* Debug */ = {
			isa = XCBuildConfiguration;
			buildSettings = {
				INFOPLIST_FILE = buxintengUITests/Info.plist;
				LD_RUNPATH_SEARCH_PATHS = "$(inherited) @executable_path/Frameworks @loader_path/Frameworks";
				PRODUCT_BUNDLE_IDENTIFIER = com.anyson.buxintengUITests;
				PRODUCT_NAME = "$(TARGET_NAME)";
				TEST_TARGET_NAME = buxinteng;
				USES_XCTRUNNER = YES;
			};
			name = Debug;
		};
		160F76101BF825DB002B34F4 /* Release */ = {
			isa = XCBuildConfiguration;
			buildSettings = {
				INFOPLIST_FILE = buxintengUITests/Info.plist;
				LD_RUNPATH_SEARCH_PATHS = "$(inherited) @executable_path/Frameworks @loader_path/Frameworks";
				PRODUCT_BUNDLE_IDENTIFIER = com.anyson.buxintengUITests;
				PRODUCT_NAME = "$(TARGET_NAME)";
				TEST_TARGET_NAME = buxinteng;
				USES_XCTRUNNER = YES;
			};
			name = Release;
		};
/* End XCBuildConfiguration section */

/* Begin XCConfigurationList section */
		160F75D61BF825DB002B34F4 /* Build configuration list for PBXProject "buxinteng" */ = {
			isa = XCConfigurationList;
			buildConfigurations = (
				160F76061BF825DB002B34F4 /* Debug */,
				160F76071BF825DB002B34F4 /* Release */,
			);
			defaultConfigurationIsVisible = 0;
			defaultConfigurationName = Release;
		};
		160F76081BF825DB002B34F4 /* Build configuration list for PBXNativeTarget "buxinteng" */ = {
			isa = XCConfigurationList;
			buildConfigurations = (
				160F76091BF825DB002B34F4 /* Debug */,
				160F760A1BF825DB002B34F4 /* Release */,
			);
			defaultConfigurationIsVisible = 0;
			defaultConfigurationName = Release;
		};
		160F760B1BF825DB002B34F4 /* Build configuration list for PBXNativeTarget "buxintengTests" */ = {
			isa = XCConfigurationList;
			buildConfigurations = (
				160F760C1BF825DB002B34F4 /* Debug */,
				160F760D1BF825DB002B34F4 /* Release */,
			);
			defaultConfigurationIsVisible = 0;
			defaultConfigurationName = Release;
		};
		160F760E1BF825DB002B34F4 /* Build configuration list for PBXNativeTarget "buxintengUITests" */ = {
			isa = XCConfigurationList;
			buildConfigurations = (
				160F760F1BF825DB002B34F4 /* Debug */,
				160F76101BF825DB002B34F4 /* Release */,
			);
			defaultConfigurationIsVisible = 0;
			defaultConfigurationName = Release;
		};
/* End XCConfigurationList section */
	};
	rootObject = 160F75D31BF825DB002B34F4 /* Project object */;
}
